
Microsoft Visual Studio Solution File, Format Version 12.00
# Visual Studio Version 16
VisualStudioVersion = 16.0.30011.22
MinimumVisualStudioVersion = 10.0.40219.1
Project("{8BC9CEB8-8B4A-11D0-8D11-00A0C91BC942}") = "practice2-1", "Project1\Project1.vcxproj", "{27DEF098-DABF-41CE-B664-B7350F2EDEDF}"
EndProject
Project("{8BC9CEB8-8B4A-11D0-8D11-00A0C91BC942}") = "practice2-2", "practice2-2\practice2-2.vcxproj", "{1E3533EB-6777-499A-B4E3-A511B3DB4187}"
EndProject
Project("{8BC9CEB8-8B4A-11D0-8D11-00A0C91BC942}") = "practice2-3", "practice2-3\practice2-3.vcxproj", "{0FABB4D6-FB29-4543-AD17-26E1918D0F21}"
EndProject
Project("{8BC9CEB8-8B4A-11D0-8D11-00A0C91BC942}") = "practice2-4-5", "practice2-4\practice2-4.vcxproj", "{0C26836B-8ED6-4008-83AD-6E05B5F722D3}"
EndProject
Project("{8BC9CEB8-8B4A-11D0-8D11-00A0C91BC942}") = "practice2-6", "practice2-5\practice2-5.vcxproj", "{A707FB13-CB07-4E1D-AC3D-1E35D161827A}"
EndProject
Project("{8BC9CEB8-8B4A-11D0-8D11-00A0C91BC942}") = "practice2-7", "practice2-7\practice2-7.vcxproj", "{658A7AFA-88D0-4D78-85E0-C3315D080CE7}"
EndProject
Project("{8BC9CEB8-8B4A-11D0-8D11-00A0C91BC942}") = "practice2-8", "practice2-8\practice2-8.vcxproj", "{4D2440AC-33BD-444A-B257-0249EC9C524F}"
EndProject
Project("{8BC9CEB8-8B4A-11D0-8D11-00A0C91BC942}") = "practice2-9", "practice2-9\practice2-9.vcxproj", "{C3A900B5-1E2C-4554-B526-D32A6BBAAA37}"
EndProject
Project("{8BC9CEB8-8B4A-11D0-8D11-00A0C91BC942}") = "practice2-10", "practice2-10\practice2-10.vcxproj", "{EAB76C96-0AA3-49CF-BEEE-B80D9E99AA7A}"
EndProject
Project("{8BC9CEB8-8B4A-11D0-8D11-00A0C91BC942}") = "practice2-11", "practice2-11\practice2-11.vcxproj", "{EF0B57F3-CB36-4536-9C52-364A4B7BE8D0}"
EndProject
Project("{8BC9CEB8-8B4A-11D0-8D11-00A0C91BC942}") = "practice2-12", "practice2-12\practice2-12.vcxproj", "{A4CE7E45-F111-48BE-9FC9-8B85C87BD184}"
EndProject
Project("{8BC9CEB8-8B4A-11D0-8D11-00A0C91BC942}") = "practice2-13", "practice2-13\practice2-13.vcxproj", "{4B53249E-BB91-4E47-B158-303C6904167D}"
EndProject
Global
	GlobalSection(SolutionConfigurationPlatforms) = preSolution
		Debug|x64 = Debug|x64
		Debug|x86 = Debug|x86
		Release|x64 = Release|x64
		Release|x86 = Release|x86
	EndGlobalSection
	GlobalSection(ProjectConfigurationPlatforms) = postSolution
		{27DEF098-DABF-41CE-B664-B7350F2EDEDF}.Debug|x64.ActiveCfg = Debug|x64
		{27DEF098-DABF-41CE-B664-B7350F2EDEDF}.Debug|x64.Build.0 = Debug|x64
		{27DEF098-DABF-41CE-B664-B7350F2EDEDF}.Debug|x86.ActiveCfg = Debug|Win32
		{27DEF098-DABF-41CE-B664-B7350F2EDEDF}.Debug|x86.Build.0 = Debug|Win32
		{27DEF098-DABF-41CE-B664-B7350F2EDEDF}.Release|x64.ActiveCfg = Release|x64
		{27DEF098-DABF-41CE-B664-B7350F2EDEDF}.Release|x64.Build.0 = Release|x64
		{27DEF098-DABF-41CE-B664-B7350F2EDEDF}.Release|x86.ActiveCfg = Release|Win32
		{27DEF098-DABF-41CE-B664-B7350F2EDEDF}.Release|x86.Build.0 = Release|Win32
		{1E3533EB-6777-499A-B4E3-A511B3DB4187}.Debug|x64.ActiveCfg = Debug|x64
		{1E3533EB-6777-499A-B4E3-A511B3DB4187}.Debug|x64.Build.0 = Debug|x64
		{1E3533EB-6777-499A-B4E3-A511B3DB4187}.Debug|x86.ActiveCfg = Debug|Win32
		{1E3533EB-6777-499A-B4E3-A511B3DB4187}.Debug|x86.Build.0 = Debug|Win32
		{1E3533EB-6777-499A-B4E3-A511B3DB4187}.Release|x64.ActiveCfg = Release|x64
		{1E3533EB-6777-499A-B4E3-A511B3DB4187}.Release|x64.Build.0 = Release|x64
		{1E3533EB-6777-499A-B4E3-A511B3DB4187}.Release|x86.ActiveCfg = Release|Win32
		{1E3533EB-6777-499A-B4E3-A511B3DB4187}.Release|x86.Build.0 = Release|Win32
		{0FABB4D6-FB29-4543-AD17-26E1918D0F21}.Debug|x64.ActiveCfg = Debug|x64
		{0FABB4D6-FB29-4543-AD17-26E1918D0F21}.Debug|x64.Build.0 = Debug|x64
		{0FABB4D6-FB29-4543-AD17-26E1918D0F21}.Debug|x86.ActiveCfg = Debug|Win32
		{0FABB4D6-FB29-4543-AD17-26E1918D0F21}.Debug|x86.Build.0 = Debug|Win32
		{0FABB4D6-FB29-4543-AD17-26E1918D0F21}.Release|x64.ActiveCfg = Release|x64
		{0FABB4D6-FB29-4543-AD17-26E1918D0F21}.Release|x64.Build.0 = Release|x64
		{0FABB4D6-FB29-4543-AD17-26E1918D0F21}.Release|x86.ActiveCfg = Release|Win32
		{0FABB4D6-FB29-4543-AD17-26E1918D0F21}.Release|x86.Build.0 = Release|Win32
		{0C26836B-8ED6-4008-83AD-6E05B5F722D3}.Debug|x64.ActiveCfg = Debug|x64
		{0C26836B-8ED6-4008-83AD-6E05B5F722D3}.Debug|x64.Build.0 = Debug|x64
		{0C26836B-8ED6-4008-83AD-6E05B5F722D3}.Debug|x86.ActiveCfg = Debug|Win32
		{0C26836B-8ED6-4008-83AD-6E05B5F722D3}.Debug|x86.Build.0 = Debug|Win32
		{0C26836B-8ED6-4008-83AD-6E05B5F722D3}.Release|x64.ActiveCfg = Release|x64
		{0C26836B-8ED6-4008-83AD-6E05B5F722D3}.Release|x64.Build.0 = Release|x64
		{0C26836B-8ED6-4008-83AD-6E05B5F722D3}.Release|x86.ActiveCfg = Release|Win32
		{0C26836B-8ED6-4008-83AD-6E05B5F722D3}.Release|x86.Build.0 = Release|Win32
		{A707FB13-CB07-4E1D-AC3D-1E35D161827A}.Debug|x64.ActiveCfg = Debug|x64
		{A707FB13-CB07-4E1D-AC3D-1E35D161827A}.Debug|x64.Build.0 = Debug|x64
		{A707FB13-CB07-4E1D-AC3D-1E35D161827A}.Debug|x86.ActiveCfg = Debug|Win32
		{A707FB13-CB07-4E1D-AC3D-1E35D161827A}.Debug|x86.Build.0 = Debug|Win32
		{A707FB13-CB07-4E1D-AC3D-1E35D161827A}.Release|x64.ActiveCfg = Release|x64
		{A707FB13-CB07-4E1D-AC3D-1E35D161827A}.Release|x64.Build.0 = Release|x64
		{A707FB13-CB07-4E1D-AC3D-1E35D161827A}.Release|x86.ActiveCfg = Release|Win32
		{A707FB13-CB07-4E1D-AC3D-1E35D161827A}.Release|x86.Build.0 = Release|Win32
		{658A7AFA-88D0-4D78-85E0-C3315D080CE7}.Debug|x64.ActiveCfg = Debug|x64
		{658A7AFA-88D0-4D78-85E0-C3315D080CE7}.Debug|x64.Build.0 = Debug|x64
		{658A7AFA-88D0-4D78-85E0-C3315D080CE7}.Debug|x86.ActiveCfg = Debug|Win32
		{658A7AFA-88D0-4D78-85E0-C3315D080CE7}.Debug|x86.Build.0 = Debug|Win32
		{658A7AFA-88D0-4D78-85E0-C3315D080CE7}.Release|x64.ActiveCfg = Release|x64
		{658A7AFA-88D0-4D78-85E0-C3315D080CE7}.Release|x64.Build.0 = Release|x64
		{658A7AFA-88D0-4D78-85E0-C3315D080CE7}.Release|x86.ActiveCfg = Release|Win32
		{658A7AFA-88D0-4D78-85E0-C3315D080CE7}.Release|x86.Build.0 = Release|Win32
		{4D2440AC-33BD-444A-B257-0249EC9C524F}.Debug|x64.ActiveCfg = Debug|x64
		{4D2440AC-33BD-444A-B257-0249EC9C524F}.Debug|x64.Build.0 = Debug|x64
		{4D2440AC-33BD-444A-B257-0249EC9C524F}.Debug|x86.ActiveCfg = Debug|Win32
		{4D2440AC-33BD-444A-B257-0249EC9C524F}.Debug|x86.Build.0 = Debug|Win32
		{4D2440AC-33BD-444A-B257-0249EC9C524F}.Release|x64.ActiveCfg = Release|x64
		{4D2440AC-33BD-444A-B257-0249EC9C524F}.Release|x64.Build.0 = Release|x64
		{4D2440AC-33BD-444A-B257-0249EC9C524F}.Release|x86.ActiveCfg = Release|Win32
		{4D2440AC-33BD-444A-B257-0249EC9C524F}.Release|x86.Build.0 = Release|Win32
		{C3A900B5-1E2C-4554-B526-D32A6BBAAA37}.Debug|x64.ActiveCfg = Debug|x64
		{C3A900B5-1E2C-4554-B526-D32A6BBAAA37}.Debug|x64.Build.0 = Debug|x64
		{C3A900B5-1E2C-4554-B526-D32A6BBAAA37}.Debug|x86.ActiveCfg = Debug|Win32
		{C3A900B5-1E2C-4554-B526-D32A6BBAAA37}.Debug|x86.Build.0 = Debug|Win32
		{C3A900B5-1E2C-4554-B526-D32A6BBAAA37}.Release|x64.ActiveCfg = Release|x64
		{C3A900B5-1E2C-4554-B526-D32A6BBAAA37}.Release|x64.Build.0 = Release|x64
		{C3A900B5-1E2C-4554-B526-D32A6BBAAA37}.Release|x86.ActiveCfg = Release|Win32
		{C3A900B5-1E2C-4554-B526-D32A6BBAAA37}.Release|x86.Build.0 = Release|Win32
		{EAB76C96-0AA3-49CF-BEEE-B80D9E99AA7A}.Debug|x64.ActiveCfg = Debug|x64
		{EAB76C96-0AA3-49CF-BEEE-B80D9E99AA7A}.Debug|x64.Build.0 = Debug|x64
		{EAB76C96-0AA3-49CF-BEEE-B80D9E99AA7A}.Debug|x86.ActiveCfg = Debug|Win32
		{EAB76C96-0AA3-49CF-BEEE-B80D9E99AA7A}.Debug|x86.Build.0 = Debug|Win32
		{EAB76C96-0AA3-49CF-BEEE-B80D9E99AA7A}.Release|x64.ActiveCfg = Release|x64
		{EAB76C96-0AA3-49CF-BEEE-B80D9E99AA7A}.Release|x64.Build.0 = Release|x64
		{EAB76C96-0AA3-49CF-BEEE-B80D9E99AA7A}.Release|x86.ActiveCfg = Release|Win32
		{EAB76C96-0AA3-49CF-BEEE-B80D9E99AA7A}.Release|x86.Build.0 = Release|Win32
		{EF0B57F3-CB36-4536-9C52-364A4B7BE8D0}.Debug|x64.ActiveCfg = Debug|x64
		{EF0B57F3-CB36-4536-9C52-364A4B7BE8D0}.Debug|x64.Build.0 = Debug|x64
		{EF0B57F3-CB36-4536-9C52-364A4B7BE8D0}.Debug|x86.ActiveCfg = Debug|Win32
		{EF0B57F3-CB36-4536-9C52-364A4B7BE8D0}.Debug|x86.Build.0 = Debug|Win32
		{EF0B57F3-CB36-4536-9C52-364A4B7BE8D0}.Release|x64.ActiveCfg = Release|x64
		{EF0B57F3-CB36-4536-9C52-364A4B7BE8D0}.Release|x64.Build.0 = Release|x64
		{EF0B57F3-CB36-4536-9C52-364A4B7BE8D0}.Release|x86.ActiveCfg = Release|Win32
		{EF0B57F3-CB36-4536-9C52-364A4B7BE8D0}.Release|x86.Build.0 = Release|Win32
		{A4CE7E45-F111-48BE-9FC9-8B85C87BD184}.Debug|x64.ActiveCfg = Debug|x64
		{A4CE7E45-F111-48BE-9FC9-8B85C87BD184}.Debug|x64.Build.0 = Debug|x64
		{A4CE7E45-F111-48BE-9FC9-8B85C87BD184}.Debug|x86.ActiveCfg = Debug|Win32
		{A4CE7E45-F111-48BE-9FC9-8B85C87BD184}.Debug|x86.Build.0 = Debug|Win32
		{A4CE7E45-F111-48BE-9FC9-8B85C87BD184}.Release|x64.ActiveCfg = Release|x64
		{A4CE7E45-F111-48BE-9FC9-8B85C87BD184}.Release|x64.Build.0 = Release|x64
		{A4CE7E45-F111-48BE-9FC9-8B85C87BD184}.Release|x86.ActiveCfg = Release|Win32
		{A4CE7E45-F111-48BE-9FC9-8B85C87BD184}.Release|x86.Build.0 = Release|Win32
		{4B53249E-BB91-4E47-B158-303C6904167D}.Debug|x64.ActiveCfg = Debug|x64
		{4B53249E-BB91-4E47-B158-303C6904167D}.Debug|x64.Build.0 = Debug|x64
		{4B53249E-BB91-4E47-B158-303C6904167D}.Debug|x86.ActiveCfg = Debug|Win32
		{4B53249E-BB91-4E47-B158-303C6904167D}.Debug|x86.Build.0 = Debug|Win32
		{4B53249E-BB91-4E47-B158-303C6904167D}.Release|x64.ActiveCfg = Release|x64
		{4B53249E-BB91-4E47-B158-303C6904167D}.Release|x64.Build.0 = Release|x64
		{4B53249E-BB91-4E47-B158-303C6904167D}.Release|x86.ActiveCfg = Release|Win32
		{4B53249E-BB91-4E47-B158-303C6904167D}.Release|x86.Build.0 = Release|Win32
	EndGlobalSection
	GlobalSection(SolutionProperties) = preSolution
		HideSolutionNode = FALSE
	EndGlobalSection
	GlobalSection(ExtensibilityGlobals) = postSolution
		SolutionGuid = {71440B35-B1E5-44BC-90A5-9A96227B33C3}
	EndGlobalSection
EndGlobal
